dependencies:
- name: loki
  repository: https://grafana.github.io/helm-charts
  version: 6.36.0
- name: tempo
  repository: https://grafana.github.io/helm-charts
  version: 1.23.3
- name: prometheus
  repository: https://prometheus-community.github.io/helm-charts
  version: 27.46.0
- name: grafana
  repository: https://grafana.github.io/helm-charts
  version: 10.2.0
- name: grafana
  repository: https://grafana.github.io/helm-charts
  version: 10.2.0
- name: mimir-distributed
  repository: file://./charts/mimir-distributed
  version: 5.9.0-weekly.365
- name: minio
  repository: https://charts.bitnami.com/bitnami
  version: 17.0.21
- name: opentelemetry-collector
  repository: https://open-telemetry.github.io/opentelemetry-helm-charts
  version: 0.122.2
- name: perses
  repository: https://perses.github.io/helm-charts
  version: 0.20.0
- name: spaceport
  repository: oci://ghcr.io/fiddeb/charts
  version: 0.1.1
digest: sha256:355452b427bfd7b2ba4842f4ab5c386a20330b126288dcfef783416b4e34a9fb
generated: "2026-03-17T00:21:18.303141+01:00"
