dependencies:
- name: loki
  repository: https://grafana.github.io/helm-charts
  version: 6.36.0
- name: tempo
  repository: https://grafana.github.io/helm-charts
  version: 1.23.3
- name: prometheus
  repository: https://prometheus-community.github.io/helm-charts
  version: 27.46.0
- name: grafana
  repository: https://grafana.github.io/helm-charts
  version: 10.2.0
- name: grafana
  repository: https://grafana.github.io/helm-charts
  version: 10.2.0
- name: mimir-distributed
  repository: file://./charts/mimir-distributed
  version: 5.9.0-weekly.365
- name: minio
  repository: https://charts.bitnami.com/bitnami
  version: 17.0.21
- name: opentelemetry-collector
  repository: https://open-telemetry.github.io/opentelemetry-helm-charts
  version: 0.122.2
- name: perses
  repository: https://perses.github.io/helm-charts
  version: 0.20.0
- name: spaceport
  repository: oci://ghcr.io/fiddeb/charts
  version: 0.1.0
digest: sha256:65bc88aa91174c4e4d60baab24f51aa4ec80ea977323569ca348cffd3d562fa4
generated: "2026-03-16T17:31:31.039938+01:00"
